// !$*UTF8*$!
{
	archiveVersion = 1;
	classes = {
	};
	objectVersion = 56;
	objects = {

/* Begin PBXBuildFile section */
		28A30E4329EE8C13004C8D68 /* AppDelegate.swift in Sources */ = {isa = PBXBuildFile; fileRef = 28A30E4229EE8C13004C8D68 /* AppDelegate.swift */; };
		28A30E4529EE8C13004C8D68 /* SceneDelegate.swift in Sources */ = {isa = PBXBuildFile; fileRef = 28A30E4429EE8C13004C8D68 /* SceneDelegate.swift */; };
		28A30E4729EE8C13004C8D68 /* MainViewController.swift in Sources */ = {isa = PBXBuildFile; fileRef = 28A30E4629EE8C13004C8D68 /* MainViewController.swift */; };
		28A30E4C29EE8C15004C8D68 /* Assets.xcassets in Resources */ = {isa = PBXBuildFile; fileRef = 28A30E4B29EE8C15004C8D68 /* Assets.xcassets */; };
		28A30E4F29EE8C15004C8D68 /* LaunchScreen.storyboard in Resources */ = {isa = PBXBuildFile; fileRef = 28A30E4D29EE8C15004C8D68 /* LaunchScreen.storyboard */; };
		28A30E5929EFF251004C8D68 /* BookSearchTextField.swift in Sources */ = {isa = PBXBuildFile; fileRef = 28A30E5829EFF251004C8D68 /* BookSearchTextField.swift */; };
		28A30E5F29EFFF4F004C8D68 /* JSONDecoderManager.swift in Sources */ = {isa = PBXBuildFile; fileRef = 28A30E5E29EFFF4F004C8D68 /* JSONDecoderManager.swift */; };
		28A30E6129EFFFD0004C8D68 /* NetworkManager.swift in Sources */ = {isa = PBXBuildFile; fileRef = 28A30E6029EFFFD0004C8D68 /* NetworkManager.swift */; };
		28A30E6329F0002B004C8D68 /* APIManager.swift in Sources */ = {isa = PBXBuildFile; fileRef = 28A30E6229F0002B004C8D68 /* APIManager.swift */; };
		28A30E6529F000E9004C8D68 /* BookModel.swift in Sources */ = {isa = PBXBuildFile; fileRef = 28A30E6429F000E9004C8D68 /* BookModel.swift */; };
		28A30E6A29F01F01004C8D68 /* BookTableViewCell.swift in Sources */ = {isa = PBXBuildFile; fileRef = 28A30E6929F01F01004C8D68 /* BookTableViewCell.swift */; };
		28A30E6D29F028A7004C8D68 /* SDWebImage in Frameworks */ = {isa = PBXBuildFile; productRef = 28A30E6C29F028A7004C8D68 /* SDWebImage */; };
		28A30E6F29F03D46004C8D68 /* DetailViewController.swift in Sources */ = {isa = PBXBuildFile; fileRef = 28A30E6E29F03D46004C8D68 /* DetailViewController.swift */; };
		28A30E7229F14B60004C8D68 /* screen1.png in Resources */ = {isa = PBXBuildFile; fileRef = 28A30E7129F14B60004C8D68 /* screen1.png */; };
		28A30E7429F14B67004C8D68 /* screen2.png in Resources */ = {isa = PBXBuildFile; fileRef = 28A30E7329F14B67004C8D68 /* screen2.png */; };
		28A30E7629F14B6C004C8D68 /* appWork.gif in Resources */ = {isa = PBXBuildFile; fileRef = 28A30E7529F14B6C004C8D68 /* appWork.gif */; };
		28A30E7829F14B98004C8D68 /* README.md in Resources */ = {isa = PBXBuildFile; fileRef = 28A30E7729F14B98004C8D68 /* README.md */; };
/* End PBXBuildFile section */

/* Begin PBXFileReference section */
		28A30E3F29EE8C13004C8D68 /* BookShelf.app */ = {isa = PBXFileReference; explicitFileType = wrapper.application; includeInIndex = 0; path = BookShelf.app; sourceTree = BUILT_PRODUCTS_DIR; };
		28A30E4229EE8C13004C8D68 /* AppDelegate.swift */ = {isa = PBXFileReference; lastKnownFileType = sourcecode.swift; path = AppDelegate.swift; sourceTree = "<group>"; };
		28A30E4429EE8C13004C8D68 /* SceneDelegate.swift */ = {isa = PBXFileReference; lastKnownFileType = sourcecode.swift; path = SceneDelegate.swift; sourceTree = "<group>"; };
		28A30E4629EE8C13004C8D68 /* MainViewController.swift */ = {isa = PBXFileReference; lastKnownFileType = sourcecode.swift; path = MainViewController.swift; sourceTree = "<group>"; };
		28A30E4B29EE8C15004C8D68 /* Assets.xcassets */ = {isa = PBXFileReference; lastKnownFileType = folder.assetcatalog; path = Assets.xcassets; sourceTree = "<group>"; };
		28A30E4E29EE8C15004C8D68 /* Base */ = {isa = PBXFileReference; lastKnownFileType = file.storyboard; name = Base; path = Base.lproj/LaunchScreen.storyboard; sourceTree = "<group>"; };
		28A30E5029EE8C15004C8D68 /* Info.plist */ = {isa = PBXFileReference; lastKnownFileType = text.plist.xml; path = Info.plist; sourceTree = "<group>"; };
		28A30E5829EFF251004C8D68 /* BookSearchTextField.swift */ = {isa = PBXFileReference; lastKnownFileType = sourcecode.swift; path = BookSearchTextField.swift; sourceTree = "<group>"; };
		28A30E5E29EFFF4F004C8D68 /* JSONDecoderManager.swift */ = {isa = PBXFileReference; lastKnownFileType = sourcecode.swift; path = JSONDecoderManager.swift; sourceTree = "<group>"; };
		28A30E6029EFFFD0004C8D68 /* NetworkManager.swift */ = {isa = PBXFileReference; lastKnownFileType = sourcecode.swift; path = NetworkManager.swift; sourceTree = "<group>"; };
		28A30E6229F0002B004C8D68 /* APIManager.swift */ = {isa = PBXFileReference; lastKnownFileType = sourcecode.swift; path = APIManager.swift; sourceTree = "<group>"; };
		28A30E6429F000E9004C8D68 /* BookModel.swift */ = {isa = PBXFileReference; lastKnownFileType = sourcecode.swift; path = BookModel.swift; sourceTree = "<group>"; };
		28A30E6929F01F01004C8D68 /* BookTableViewCell.swift */ = {isa = PBXFileReference; lastKnownFileType = sourcecode.swift; path = BookTableViewCell.swift; sourceTree = "<group>"; };
		28A30E6E29F03D46004C8D68 /* DetailViewController.swift */ = {isa = PBXFileReference; lastKnownFileType = sourcecode.swift; path = DetailViewController.swift; sourceTree = "<group>"; };
		28A30E7129F14B60004C8D68 /* screen1.png */ = {isa = PBXFileReference; lastKnownFileType = image.png; path = screen1.png; sourceTree = "<group>"; };
		28A30E7329F14B67004C8D68 /* screen2.png */ = {isa = PBXFileReference; lastKnownFileType = image.png; path = screen2.png; sourceTree = "<group>"; };
		28A30E7529F14B6C004C8D68 /* appWork.gif */ = {isa = PBXFileReference; lastKnownFileType = image.gif; path = appWork.gif; sourceTree = "<group>"; };
		28A30E7729F14B98004C8D68 /* README.md */ = {isa = PBXFileReference; fileEncoding = 4; lastKnownFileType = net.daringfireball.markdown; path = README.md; sourceTree = "<group>"; };
/* End PBXFileReference section */

/* Begin PBXFrameworksBuildPhase section */
		28A30E3C29EE8C13004C8D68 /* Frameworks */ = {
			isa = PBXFrameworksBuildPhase;
			buildActionMask = 2147483647;
			files = (
				28A30E6D29F028A7004C8D68 /* SDWebImage in Frameworks */,
			);
			runOnlyForDeploymentPostprocessing = 0;
		};
/* End PBXFrameworksBuildPhase section */

/* Begin PBXGroup section */
		28A30E3629EE8C12004C8D68 = {
			isa = PBXGroup;
			children = (
				28A30E7729F14B98004C8D68 /* README.md */,
				28A30E7029F1496E004C8D68 /* ReadmeResources */,
				28A30E4129EE8C13004C8D68 /* BookShelf */,
				28A30E4029EE8C13004C8D68 /* Products */,
			);
			sourceTree = "<group>";
		};
		28A30E4029EE8C13004C8D68 /* Products */ = {
			isa = PBXGroup;
			children = (
				28A30E3F29EE8C13004C8D68 /* BookShelf.app */,
			);
			name = Products;
			sourceTree = "<group>";
		};
		28A30E4129EE8C13004C8D68 /* BookShelf */ = {
			isa = PBXGroup;
			children = (
				28A30E5C29EFFEE0004C8D68 /* App */,
				28A30E5D29EFFEF8004C8D68 /* Network */,
				28A30E6629F000F4004C8D68 /* Models */,
				28A30E5B29EFFECB004C8D68 /* Views */,
				28A30E5A29EFFEB5004C8D68 /* Controllers */,
				28A30E4B29EE8C15004C8D68 /* Assets.xcassets */,
				28A30E5029EE8C15004C8D68 /* Info.plist */,
			);
			path = BookShelf;
			sourceTree = "<group>";
		};
		28A30E5A29EFFEB5004C8D68 /* Controllers */ = {
			isa = PBXGroup;
			children = (
				28A30E4629EE8C13004C8D68 /* MainViewController.swift */,
				28A30E6E29F03D46004C8D68 /* DetailViewController.swift */,
			);
			path = Controllers;
			sourceTree = "<group>";
		};
		28A30E5B29EFFECB004C8D68 /* Views */ = {
			isa = PBXGroup;
			children = (
				28A30E5829EFF251004C8D68 /* BookSearchTextField.swift */,
				28A30E6929F01F01004C8D68 /* BookTableViewCell.swift */,
				28A30E4D29EE8C15004C8D68 /* LaunchScreen.storyboard */,
			);
			path = Views;
			sourceTree = "<group>";
		};
		28A30E5C29EFFEE0004C8D68 /* App */ = {
			isa = PBXGroup;
			children = (
				28A30E4229EE8C13004C8D68 /* AppDelegate.swift */,
				28A30E4429EE8C13004C8D68 /* SceneDelegate.swift */,
			);
			path = App;
			sourceTree = "<group>";
		};
		28A30E5D29EFFEF8004C8D68 /* Network */ = {
			isa = PBXGroup;
			children = (
				28A30E5E29EFFF4F004C8D68 /* JSONDecoderManager.swift */,
				28A30E6029EFFFD0004C8D68 /* NetworkManager.swift */,
				28A30E6229F0002B004C8D68 /* APIManager.swift */,
			);
			path = Network;
			sourceTree = "<group>";
		};
		28A30E6629F000F4004C8D68 /* Models */ = {
			isa = PBXGroup;
			children = (
				28A30E6429F000E9004C8D68 /* BookModel.swift */,
			);
			path = Models;
			sourceTree = "<group>";
		};
		28A30E7029F1496E004C8D68 /* ReadmeResources */ = {
			isa = PBXGroup;
			children = (
				28A30E7129F14B60004C8D68 /* screen1.png */,
				28A30E7329F14B67004C8D68 /* screen2.png */,
				28A30E7529F14B6C004C8D68 /* appWork.gif */,
			);
			path = ReadmeResources;
			sourceTree = "<group>";
		};
/* End PBXGroup section */

/* Begin PBXNativeTarget section */
		28A30E3E29EE8C13004C8D68 /* BookShelf */ = {
			isa = PBXNativeTarget;
			buildConfigurationList = 28A30E5329EE8C15004C8D68 /* Build configuration list for PBXNativeTarget "BookShelf" */;
			buildPhases = (
				28A30E3B29EE8C13004C8D68 /* Sources */,
				28A30E3C29EE8C13004C8D68 /* Frameworks */,
				28A30E3D29EE8C13004C8D68 /* Resources */,
			);
			buildRules = (
			);
			dependencies = (
			);
			name = BookShelf;
			packageProductDependencies = (
				28A30E6C29F028A7004C8D68 /* SDWebImage */,
			);
			productName = BookShelf;
			productReference = 28A30E3F29EE8C13004C8D68 /* BookShelf.app */;
			productType = "com.apple.product-type.application";
		};
/* End PBXNativeTarget section */

/* Begin PBXProject section */
		28A30E3729EE8C12004C8D68 /* Project object */ = {
			isa = PBXProject;
			attributes = {
				BuildIndependentTargetsInParallel = 1;
				LastSwiftUpdateCheck = 1430;
				LastUpgradeCheck = 1430;
				TargetAttributes = {
					28A30E3E29EE8C13004C8D68 = {
						CreatedOnToolsVersion = 14.3;
					};
				};
			};
			buildConfigurationList = 28A30E3A29EE8C12004C8D68 /* Build configuration list for PBXProject "BookShelf" */;
			compatibilityVersion = "Xcode 14.0";
			developmentRegion = en;
			hasScannedForEncodings = 0;
			knownRegions = (
				en,
				Base,
			);
			mainGroup = 28A30E3629EE8C12004C8D68;
			packageReferences = (
				28A30E6B29F028A7004C8D68 /* XCRemoteSwiftPackageReference "SDWebImage" */,
			);
			productRefGroup = 28A30E4029EE8C13004C8D68 /* Products */;
			projectDirPath = "";
			projectRoot = "";
			targets = (
				28A30E3E29EE8C13004C8D68 /* BookShelf */,
			);
		};
/* End PBXProject section */

/* Begin PBXResourcesBuildPhase section */
		28A30E3D29EE8C13004C8D68 /* Resources */ = {
			isa = PBXResourcesBuildPhase;
			buildActionMask = 2147483647;
			files = (
				28A30E7829F14B98004C8D68 /* README.md in Resources */,
				28A30E7429F14B67004C8D68 /* screen2.png in Resources */,
				28A30E4F29EE8C15004C8D68 /* LaunchScreen.storyboard in Resources */,
				28A30E7229F14B60004C8D68 /* screen1.png in Resources */,
				28A30E7629F14B6C004C8D68 /* appWork.gif in Resources */,
				28A30E4C29EE8C15004C8D68 /* Assets.xcassets in Resources */,
			);
			runOnlyForDeploymentPostprocessing = 0;
		};
/* End PBXResourcesBuildPhase section */

/* Begin PBXSourcesBuildPhase section */
		28A30E3B29EE8C13004C8D68 /* Sources */ = {
			isa = PBXSourcesBuildPhase;
			buildActionMask = 2147483647;
			files = (
				28A30E6129EFFFD0004C8D68 /* NetworkManager.swift in Sources */,
				28A30E4729EE8C13004C8D68 /* MainViewController.swift in Sources */,
				28A30E4329EE8C13004C8D68 /* AppDelegate.swift in Sources */,
				28A30E5F29EFFF4F004C8D68 /* JSONDecoderManager.swift in Sources */,
				28A30E6A29F01F01004C8D68 /* BookTableViewCell.swift in Sources */,
				28A30E4529EE8C13004C8D68 /* SceneDelegate.swift in Sources */,
				28A30E5929EFF251004C8D68 /* BookSearchTextField.swift in Sources */,
				28A30E6F29F03D46004C8D68 /* DetailViewController.swift in Sources */,
				28A30E6529F000E9004C8D68 /* BookModel.swift in Sources */,
				28A30E6329F0002B004C8D68 /* APIManager.swift in Sources */,
			);
			runOnlyForDeploymentPostprocessing = 0;
		};
/* End PBXSourcesBuildPhase section */

/* Begin PBXVariantGroup section */
		28A30E4D29EE8C15004C8D68 /* LaunchScreen.storyboard */ = {
			isa = PBXVariantGroup;
			children = (
				28A30E4E29EE8C15004C8D68 /* Base */,
			);
			name = LaunchScreen.storyboard;
			sourceTree = "<group>";
		};
/* End PBXVariantGroup section */

/* Begin XCBuildConfiguration section */
		28A30E5129EE8C15004C8D68 /* Debug */ = {
			isa = XCBuildConfiguration;
			buildSettings = {
				ALWAYS_SEARCH_USER_PATHS = NO;
				CLANG_ANALYZER_NONNULL = YES;
				CLANG_ANALYZER_NUMBER_OBJECT_CONVERSION = YES_AGGRESSIVE;
				CLANG_CXX_LANGUAGE_STANDARD = "gnu++20";
				CLANG_ENABLE_MODULES = YES;
				CLANG_ENABLE_OBJC_ARC = YES;
				CLANG_ENABLE_OBJC_WEAK = YES;
				CLANG_WARN_BLOCK_CAPTURE_AUTORELEASING = YES;
				CLANG_WARN_BOOL_CONVERSION = YES;
				CLANG_WARN_COMMA = YES;
				CLANG_WARN_CONSTANT_CONVERSION = YES;
				CLANG_WARN_DEPRECATED_OBJC_IMPLEMENTATIONS = YES;
				CLANG_WARN_DIRECT_OBJC_ISA_USAGE = YES_ERROR;
				CLANG_WARN_DOCUMENTATION_COMMENTS = YES;
				CLANG_WARN_EMPTY_BODY = YES;
				CLANG_WARN_ENUM_CONVERSION = YES;
				CLANG_WARN_INFINITE_RECURSION = YES;
				CLANG_WARN_INT_CONVERSION = YES;
				CLANG_WARN_NON_LITERAL_NULL_CONVERSION = YES;
				CLANG_WARN_OBJC_IMPLICIT_RETAIN_SELF = YES;
				CLANG_WARN_OBJC_LITERAL_CONVERSION = YES;
				CLANG_WARN_OBJC_ROOT_CLASS = YES_ERROR;
				CLANG_WARN_QUOTED_INCLUDE_IN_FRAMEWORK_HEADER = YES;
				CLANG_WARN_RANGE_LOOP_ANALYSIS = YES;
				CLANG_WARN_STRICT_PROTOTYPES = YES;
				CLANG_WARN_SUSPICIOUS_MOVE = YES;
				CLANG_WARN_UNGUARDED_AVAILABILITY = YES_AGGRESSIVE;
				CLANG_WARN_UNREACHABLE_CODE = YES;
				CLANG_WARN__DUPLICATE_METHOD_MATCH = YES;
				COPY_PHASE_STRIP = NO;
				DEBUG_INFORMATION_FORMAT = dwarf;
				ENABLE_STRICT_OBJC_MSGSEND = YES;
				ENABLE_TESTABILITY = YES;
				GCC_C_LANGUAGE_STANDARD = gnu11;
				GCC_DYNAMIC_NO_PIC = NO;
				GCC_NO_COMMON_BLOCKS = YES;
				GCC_OPTIMIZATION_LEVEL = 0;
				GCC_PREPROCESSOR_DEFINITIONS = (
					"DEBUG=1",
					"$(inherited)",
				);
				GCC_WARN_64_TO_32_BIT_CONVERSION = YES;
				GCC_WARN_ABOUT_RETURN_TYPE = YES_ERROR;
				GCC_WARN_UNDECLARED_SELECTOR = YES;
				GCC_WARN_UNINITIALIZED_AUTOS = YES_AGGRESSIVE;
				GCC_WARN_UNUSED_FUNCTION = YES;
				GCC_WARN_UNUSED_VARIABLE = YES;
				IPHONEOS_DEPLOYMENT_TARGET = 16.4;
				MTL_ENABLE_DEBUG_INFO = INCLUDE_SOURCE;
				MTL_FAST_MATH = YES;
				ONLY_ACTIVE_ARCH = YES;
				SDKROOT = iphoneos;
				SWIFT_ACTIVE_COMPILATION_CONDITIONS = DEBUG;
				SWIFT_OPTIMIZATION_LEVEL = "-Onone";
			};
			name = Debug;
		};
		28A30E5229EE8C15004C8D68 /* Release */ = {
			isa = XCBuildConfiguration;
			buildSettings = {
				ALWAYS_SEARCH_USER_PATHS = NO;
				CLANG_ANALYZER_NONNULL = YES;
				CLANG_ANALYZER_NUMBER_OBJECT_CONVERSION = YES_AGGRESSIVE;
				CLANG_CXX_LANGUAGE_STANDARD = "gnu++20";
				CLANG_ENABLE_MODULES = YES;
				CLANG_ENABLE_OBJC_ARC = YES;
				CLANG_ENABLE_OBJC_WEAK = YES;
				CLANG_WARN_BLOCK_CAPTURE_AUTORELEASING = YES;
				CLANG_WARN_BOOL_CONVERSION = YES;
				CLANG_WARN_COMMA = YES;
				CLANG_WARN_CONSTANT_CONVERSION = YES;
				CLANG_WARN_DEPRECATED_OBJC_IMPLEMENTATIONS = YES;
				CLANG_WARN_DIRECT_OBJC_ISA_USAGE = YES_ERROR;
				CLANG_WARN_DOCUMENTATION_COMMENTS = YES;
				CLANG_WARN_EMPTY_BODY = YES;
				CLANG_WARN_ENUM_CONVERSION = YES;
				CLANG_WARN_INFINITE_RECURSION = YES;
				CLANG_WARN_INT_CONVERSION = YES;
				CLANG_WARN_NON_LITERAL_NULL_CONVERSION = YES;
				CLANG_WARN_OBJC_IMPLICIT_RETAIN_SELF = YES;
				CLANG_WARN_OBJC_LITERAL_CONVERSION = YES;
				CLANG_WARN_OBJC_ROOT_CLASS = YES_ERROR;
				CLANG_WARN_QUOTED_INCLUDE_IN_FRAMEWORK_HEADER = YES;
				CLANG_WARN_RANGE_LOOP_ANALYSIS = YES;
				CLANG_WARN_STRICT_PROTOTYPES = YES;
				CLANG_WARN_SUSPICIOUS_MOVE = YES;
				CLANG_WARN_UNGUARDED_AVAILABILITY = YES_AGGRESSIVE;
				CLANG_WARN_UNREACHABLE_CODE = YES;
				CLANG_WARN__DUPLICATE_METHOD_MATCH = YES;
				COPY_PHASE_STRIP = NO;
				DEBUG_INFORMATION_FORMAT = "dwarf-with-dsym";
				ENABLE_NS_ASSERTIONS = NO;
				ENABLE_STRICT_OBJC_MSGSEND = YES;
				GCC_C_LANGUAGE_STANDARD = gnu11;
				GCC_NO_COMMON_BLOCKS = YES;
				GCC_WARN_64_TO_32_BIT_CONVERSION = YES;
				GCC_WARN_ABOUT_RETURN_TYPE = YES_ERROR;
				GCC_WARN_UNDECLARED_SELECTOR = YES;
				GCC_WARN_UNINITIALIZED_AUTOS = YES_AGGRESSIVE;
				GCC_WARN_UNUSED_FUNCTION = YES;
				GCC_WARN_UNUSED_VARIABLE = YES;
				IPHONEOS_DEPLOYMENT_TARGET = 16.4;
				MTL_ENABLE_DEBUG_INFO = NO;
				MTL_FAST_MATH = YES;
				SDKROOT = iphoneos;
				SWIFT_COMPILATION_MODE = wholemodule;
				SWIFT_OPTIMIZATION_LEVEL = "-O";
				VALIDATE_PRODUCT = YES;
			};
			name = Release;
		};
		28A30E5429EE8C15004C8D68 /* Debug */ = {
			isa = XCBuildConfiguration;
			buildSettings = {
				ASSETCATALOG_COMPILER_APPICON_NAME = AppIcon;
				ASSETCATALOG_COMPILER_GLOBAL_ACCENT_COLOR_NAME = AccentColor;
				CODE_SIGN_STYLE = Automatic;
				CURRENT_PROJECT_VERSION = 1;
				DEVELOPMENT_TEAM = U824AND8KD;
				GENERATE_INFOPLIST_FILE = YES;
				INFOPLIST_FILE = BookShelf/Info.plist;
				INFOPLIST_KEY_UIApplicationSupportsIndirectInputEvents = YES;
				INFOPLIST_KEY_UILaunchStoryboardName = LaunchScreen;
				INFOPLIST_KEY_UISupportedInterfaceOrientations = UIInterfaceOrientationPortrait;
				INFOPLIST_KEY_UISupportedInterfaceOrientations_iPad = "UIInterfaceOrientationLandscapeLeft UIInterfaceOrientationLandscapeRight UIInterfaceOrientationPortrait UIInterfaceOrientationPortraitUpsideDown";
				IPHONEOS_DEPLOYMENT_TARGET = 13.0;
				LD_RUNPATH_SEARCH_PATHS = (
					"$(inherited)",
					"@executable_path/Frameworks",
				);
				MARKETING_VERSION = 1.0;
				PRODUCT_BUNDLE_IDENTIFIER = Saf.BookShelf;
				PRODUCT_NAME = "$(TARGET_NAME)";
				SUPPORTED_PLATFORMS = "iphoneos iphonesimulator";
				SUPPORTS_MACCATALYST = NO;
				SUPPORTS_MAC_DESIGNED_FOR_IPHONE_IPAD = NO;
				SWIFT_EMIT_LOC_STRINGS = YES;
				SWIFT_VERSION = 5.0;
				TARGETED_DEVICE_FAMILY = 1;
			};
			name = Debug;
		};
		28A30E5529EE8C15004C8D68 /* Release */ = {
			isa = XCBuildConfiguration;
			buildSettings = {
				ASSETCATALOG_COMPILER_APPICON_NAME = AppIcon;
				ASSETCATALOG_COMPILER_GLOBAL_ACCENT_COLOR_NAME = AccentColor;
				CODE_SIGN_STYLE = Automatic;
				CURRENT_PROJECT_VERSION = 1;
				DEVELOPMENT_TEAM = U824AND8KD;
				GENERATE_INFOPLIST_FILE = YES;
				INFOPLIST_FILE = BookShelf/Info.plist;
				INFOPLIST_KEY_UIApplicationSupportsIndirectInputEvents = YES;
				INFOPLIST_KEY_UILaunchStoryboardName = LaunchScreen;
				INFOPLIST_KEY_UISupportedInterfaceOrientations = UIInterfaceOrientationPortrait;
				INFOPLIST_KEY_UISupportedInterfaceOrientations_iPad = "UIInterfaceOrientationLandscapeLeft UIInterfaceOrientationLandscapeRight UIInterfaceOrientationPortrait UIInterfaceOrientationPortraitUpsideDown";
				IPHONEOS_DEPLOYMENT_TARGET = 13.0;
				LD_RUNPATH_SEARCH_PATHS = (
					"$(inherited)",
					"@executable_path/Frameworks",
				);
				MARKETING_VERSION = 1.0;
				PRODUCT_BUNDLE_IDENTIFIER = Saf.BookShelf;
				PRODUCT_NAME = "$(TARGET_NAME)";
				SUPPORTED_PLATFORMS = "iphoneos iphonesimulator";
				SUPPORTS_MACCATALYST = NO;
				SUPPORTS_MAC_DESIGNED_FOR_IPHONE_IPAD = NO;
				SWIFT_EMIT_LOC_STRINGS = YES;
				SWIFT_VERSION = 5.0;
				TARGETED_DEVICE_FAMILY = 1;
			};
			name = Release;
		};
/* End XCBuildConfiguration section */

/* Begin XCConfigurationList section */
		28A30E3A29EE8C12004C8D68 /* Build configuration list for PBXProject "BookShelf" */ = {
			isa = XCConfigurationList;
			buildConfigurations = (
				28A30E5129EE8C15004C8D68 /* Debug */,
				28A30E5229EE8C15004C8D68 /* Release */,
			);
			defaultConfigurationIsVisible = 0;
			defaultConfigurationName = Release;
		};
		28A30E5329EE8C15004C8D68 /* Build configuration list for PBXNativeTarget "BookShelf" */ = {
			isa = XCConfigurationList;
			buildConfigurations = (
				28A30E5429EE8C15004C8D68 /* Debug */,
				28A30E5529EE8C15004C8D68 /* Release */,
			);
			defaultConfigurationIsVisible = 0;
			defaultConfigurationName = Release;
		};
/* End XCConfigurationList section */

/* Begin XCRemoteSwiftPackageReference section */
		28A30E6B29F028A7004C8D68 /* XCRemoteSwiftPackageReference "SDWebImage" */ = {
			isa = XCRemoteSwiftPackageReference;
			repositoryURL = "https://github.com/SDWebImage/SDWebImage";
			requirement = {
				kind = upToNextMajorVersion;
				minimumVersion = 5.0.0;
			};
		};
/* End XCRemoteSwiftPackageReference section */

/* Begin XCSwiftPackageProductDependency section */
		28A30E6C29F028A7004C8D68 /* SDWebImage */ = {
			isa = XCSwiftPackageProductDependency;
			package = 28A30E6B29F028A7004C8D68 /* XCRemoteSwiftPackageReference "SDWebImage" */;
			productName = SDWebImage;
		};
/* End XCSwiftPackageProductDependency section */
	};
	rootObject = 28A30E3729EE8C12004C8D68 /* Project object */;
}
